
Microsoft Visual Studio Solution File, Format Version 12.00
# Visual Studio Version 17
VisualStudioVersion = 17.3.32901.215
MinimumVisualStudioVersion = 10.0.40219.1
Project("{FAE04EC0-301F-11D3-BF4B-00C04F79EFBC}") = "ArabaYarisi", "ArabaYarisi.csproj", "{6B6716FF-B752-433C-ADC7-54283A491A0E}"
EndProject
Global
	GlobalSection(SolutionConfigurationPlatforms) = preSolution
		Debug|Any CPU = Debug|Any CPU
		Release|Any CPU = Release|Any CPU
	EndGlobalSection
	GlobalSection(ProjectConfigurationPlatforms) = postSolution
		{6B6716FF-B752-433C-ADC7-54283A491A0E}.Debug|Any CPU.ActiveCfg = Debug|Any CPU
		{6B6716FF-B752-433C-ADC7-54283A491A0E}.Debug|Any CPU.Build.0 = Debug|Any CPU
		{6B6716FF-B752-433C-ADC7-54283A491A0E}.Release|Any CPU.ActiveCfg = Release|Any CPU
		{6B6716FF-B752-433C-ADC7-54283A491A0E}.Release|Any CPU.Build.0 = Release|Any CPU
	EndGlobalSection
	GlobalSection(SolutionProperties) = preSolution
		HideSolutionNode = FALSE
	EndGlobalSection
	GlobalSection(ExtensibilityGlobals) = postSolution
		SolutionGuid = {8E167473-CF7D-4218-BB58-B68501BF9FB6}
	EndGlobalSection
EndGlobal
